
Microsoft Visual Studio Solution File, Format Version 12.00
# Visual Studio Version 16
VisualStudioVersion = 16.0.28803.352
MinimumVisualStudioVersion = 10.0.40219.1
Project("{FAE04EC0-301F-11D3-BF4B-00C04F79EFBC}") = "MedzioIndukcija", "MedzioIndukcija\MedzioIndukcija.csproj", "{318EF1B9-555D-49AE-87C1-6CD24834EC98}"
EndProject
Global
	GlobalSection(SolutionConfigurationPlatforms) = preSolution
		Debug|Any CPU = Debug|Any CPU
		Release|Any CPU = Release|Any CPU
	EndGlobalSection
	GlobalSection(ProjectConfigurationPlatforms) = postSolution
		{318EF1B9-555D-49AE-87C1-6CD24834EC98}.Debug|Any CPU.ActiveCfg = Debug|Any CPU
		{318EF1B9-555D-49AE-87C1-6CD24834EC98}.Debug|Any CPU.Build.0 = Debug|Any CPU
		{318EF1B9-555D-49AE-87C1-6CD24834EC98}.Release|Any CPU.ActiveCfg = Release|Any CPU
		{318EF1B9-555D-49AE-87C1-6CD24834EC98}.Release|Any CPU.Build.0 = Release|Any CPU
	EndGlobalSection
	GlobalSection(SolutionProperties) = preSolution
		HideSolutionNode = FALSE
	EndGlobalSection
	GlobalSection(ExtensibilityGlobals) = postSolution
		SolutionGuid = {F919DBC7-7E0C-4D9E-8360-BD96B8847E2E}
	EndGlobalSection
EndGlobal
